
Microsoft Visual Studio Solution File, Format Version 12.00
# Visual Studio Version 17
VisualStudioVersion = 17.9.34622.214
MinimumVisualStudioVersion = 10.0.40219.1
Project("{FAE04EC0-301F-11D3-BF4B-00C04F79EFBC}") = "EmployeePayRollFrom", "EmployeePayRollFrom\EmployeePayRollFrom.csproj", "{F4F06FA8-7F37-48E9-8EAE-81A08E847BE1}"
EndProject
Global
	GlobalSection(SolutionConfigurationPlatforms) = preSolution
		Debug|Any CPU = Debug|Any CPU
		Release|Any CPU = Release|Any CPU
	EndGlobalSection
	GlobalSection(ProjectConfigurationPlatforms) = postSolution
		{F4F06FA8-7F37-48E9-8EAE-81A08E847BE1}.Debug|Any CPU.ActiveCfg = Debug|Any CPU
		{F4F06FA8-7F37-48E9-8EAE-81A08E847BE1}.Debug|Any CPU.Build.0 = Debug|Any CPU
		{F4F06FA8-7F37-48E9-8EAE-81A08E847BE1}.Release|Any CPU.ActiveCfg = Release|Any CPU
		{F4F06FA8-7F37-48E9-8EAE-81A08E847BE1}.Release|Any CPU.Build.0 = Release|Any CPU
	EndGlobalSection
	GlobalSection(SolutionProperties) = preSolution
		HideSolutionNode = FALSE
	EndGlobalSection
	GlobalSection(ExtensibilityGlobals) = postSolution
		SolutionGuid = {77540429-60AC-4014-82D1-9FC01F99ECEF}
	EndGlobalSection
EndGlobal
